
Microsoft Visual Studio Solution File, Format Version 12.00
# Visual Studio Version 17
VisualStudioVersion = 17.0.31903.59
MinimumVisualStudioVersion = 10.0.40219.1
Project("{2150E333-8FDC-42A3-9474-1A3956D46DE8}") = "CSharp", "CSharp", "{70E14F09-1831-4ED0-8FAF-24A88E4B3E27}"
EndProject
Project("{FAE04EC0-301F-11D3-BF4B-00C04F79EFBC}") = "01_FirstProject", "CSharp\01_FirstProject\01_FirstProject.csproj", "{25D2CB22-E297-41D0-884A-5F504469977A}"
EndProject
Project("{2150E333-8FDC-42A3-9474-1A3956D46DE8}") = "02_BankApplication", "02_BankApplication", "{B5E6E25B-8752-4FBF-87D8-9917A4241F8D}"
EndProject
Project("{FAE04EC0-301F-11D3-BF4B-00C04F79EFBC}") = "BankApplication", "CSharp\02_BankApplication\BankApplication\BankApplication.csproj", "{E9597039-3D1A-4D68-9095-44574962A6BE}"
EndProject
Project("{FAE04EC0-301F-11D3-BF4B-00C04F79EFBC}") = "03_DiceRoll", "CSharp\03_DiceRoll\03_DiceRoll.csproj", "{B2CA5033-D5C2-49EF-86EE-AFCEE2BAA116}"
EndProject
Project("{FAE04EC0-301F-11D3-BF4B-00C04F79EFBC}") = "04_CookieCookbook", "CSharp\04_CookieCookbook\04_CookieCookbook.csproj", "{EA112F39-C34F-48AC-8F29-4B1D05504F8F}"
EndProject
Project("{FAE04EC0-301F-11D3-BF4B-00C04F79EFBC}") = "05_CookieCookbookPractice", "CSharp\05_CookieCookbookPractice\05_CookieCookbookPractice.csproj", "{E43D1DC4-E522-45F3-AF2F-5853A2DD0CBC}"
EndProject
Global
	GlobalSection(SolutionConfigurationPlatforms) = preSolution
		Debug|Any CPU = Debug|Any CPU
		Release|Any CPU = Release|Any CPU
	EndGlobalSection
	GlobalSection(ProjectConfigurationPlatforms) = postSolution
		{25D2CB22-E297-41D0-884A-5F504469977A}.Debug|Any CPU.ActiveCfg = Debug|Any CPU
		{25D2CB22-E297-41D0-884A-5F504469977A}.Debug|Any CPU.Build.0 = Debug|Any CPU
		{25D2CB22-E297-41D0-884A-5F504469977A}.Release|Any CPU.ActiveCfg = Release|Any CPU
		{25D2CB22-E297-41D0-884A-5F504469977A}.Release|Any CPU.Build.0 = Release|Any CPU
		{E9597039-3D1A-4D68-9095-44574962A6BE}.Debug|Any CPU.ActiveCfg = Debug|Any CPU
		{E9597039-3D1A-4D68-9095-44574962A6BE}.Debug|Any CPU.Build.0 = Debug|Any CPU
		{E9597039-3D1A-4D68-9095-44574962A6BE}.Release|Any CPU.ActiveCfg = Release|Any CPU
		{E9597039-3D1A-4D68-9095-44574962A6BE}.Release|Any CPU.Build.0 = Release|Any CPU
		{B2CA5033-D5C2-49EF-86EE-AFCEE2BAA116}.Debug|Any CPU.ActiveCfg = Debug|Any CPU
		{B2CA5033-D5C2-49EF-86EE-AFCEE2BAA116}.Debug|Any CPU.Build.0 = Debug|Any CPU
		{B2CA5033-D5C2-49EF-86EE-AFCEE2BAA116}.Release|Any CPU.ActiveCfg = Release|Any CPU
		{B2CA5033-D5C2-49EF-86EE-AFCEE2BAA116}.Release|Any CPU.Build.0 = Release|Any CPU
		{EA112F39-C34F-48AC-8F29-4B1D05504F8F}.Debug|Any CPU.ActiveCfg = Debug|Any CPU
		{EA112F39-C34F-48AC-8F29-4B1D05504F8F}.Debug|Any CPU.Build.0 = Debug|Any CPU
		{EA112F39-C34F-48AC-8F29-4B1D05504F8F}.Release|Any CPU.ActiveCfg = Release|Any CPU
		{EA112F39-C34F-48AC-8F29-4B1D05504F8F}.Release|Any CPU.Build.0 = Release|Any CPU
		{E43D1DC4-E522-45F3-AF2F-5853A2DD0CBC}.Debug|Any CPU.ActiveCfg = Debug|Any CPU
		{E43D1DC4-E522-45F3-AF2F-5853A2DD0CBC}.Debug|Any CPU.Build.0 = Debug|Any CPU
		{E43D1DC4-E522-45F3-AF2F-5853A2DD0CBC}.Release|Any CPU.ActiveCfg = Release|Any CPU
		{E43D1DC4-E522-45F3-AF2F-5853A2DD0CBC}.Release|Any CPU.Build.0 = Release|Any CPU
	EndGlobalSection
	GlobalSection(SolutionProperties) = preSolution
		HideSolutionNode = FALSE
	EndGlobalSection
	GlobalSection(NestedProjects) = preSolution
		{25D2CB22-E297-41D0-884A-5F504469977A} = {70E14F09-1831-4ED0-8FAF-24A88E4B3E27}
		{B5E6E25B-8752-4FBF-87D8-9917A4241F8D} = {70E14F09-1831-4ED0-8FAF-24A88E4B3E27}
		{E9597039-3D1A-4D68-9095-44574962A6BE} = {B5E6E25B-8752-4FBF-87D8-9917A4241F8D}
		{B2CA5033-D5C2-49EF-86EE-AFCEE2BAA116} = {70E14F09-1831-4ED0-8FAF-24A88E4B3E27}
		{EA112F39-C34F-48AC-8F29-4B1D05504F8F} = {70E14F09-1831-4ED0-8FAF-24A88E4B3E27}
		{E43D1DC4-E522-45F3-AF2F-5853A2DD0CBC} = {70E14F09-1831-4ED0-8FAF-24A88E4B3E27}
	EndGlobalSection
EndGlobal
